
Microsoft Visual Studio Solution File, Format Version 12.00
# Visual Studio Version 17
VisualStudioVersion = 17.13.35828.75 d17.13
MinimumVisualStudioVersion = 10.0.40219.1
Project("{FAE04EC0-301F-11D3-BF4B-00C04F79EFBC}") = "Tawsela", "Tawsela.csproj", "{5CDE9052-78BB-4F6B-8292-C72FEA6DDD22}"
EndProject
Global
	GlobalSection(SolutionConfigurationPlatforms) = preSolution
		Debug|Any CPU = Debug|Any CPU
		Release|Any CPU = Release|Any CPU
	EndGlobalSection
	GlobalSection(ProjectConfigurationPlatforms) = postSolution
		{5CDE9052-78BB-4F6B-8292-C72FEA6DDD22}.Debug|Any CPU.ActiveCfg = Debug|Any CPU
		{5CDE9052-78BB-4F6B-8292-C72FEA6DDD22}.Debug|Any CPU.Build.0 = Debug|Any CPU
		{5CDE9052-78BB-4F6B-8292-C72FEA6DDD22}.Release|Any CPU.ActiveCfg = Release|Any CPU
		{5CDE9052-78BB-4F6B-8292-C72FEA6DDD22}.Release|Any CPU.Build.0 = Release|Any CPU
	EndGlobalSection
	GlobalSection(SolutionProperties) = preSolution
		HideSolutionNode = FALSE
	EndGlobalSection
	GlobalSection(ExtensibilityGlobals) = postSolution
		SolutionGuid = {854786B2-6CDD-42E6-8BEB-09EE04265368}
	EndGlobalSection
EndGlobal
